// !$*UTF8*$!
{
	archiveVersion = 1;
	classes = {
	};
	objectVersion = 55;
	objects = {

/* Begin PBXBuildFile section */
		024389252A148CE5009167DE /* JSONtoMapView.swift in Sources */ = {isa = PBXBuildFile; fileRef = 024389242A148CE5009167DE /* JSONtoMapView.swift */; };
		0243892D2A149082009167DE /* LocationFromJSON.swift in Sources */ = {isa = PBXBuildFile; fileRef = 0243892C2A149082009167DE /* LocationFromJSON.swift */; };
		0243892F2A149D05009167DE /* locations.json in Resources */ = {isa = PBXBuildFile; fileRef = 0243892E2A149D05009167DE /* locations.json */; };
		024389342A14B451009167DE /* CurrentLocationView.swift in Sources */ = {isa = PBXBuildFile; fileRef = 024389332A14B451009167DE /* CurrentLocationView.swift */; };
		024389382A14B9B5009167DE /* InteractionModesView.swift in Sources */ = {isa = PBXBuildFile; fileRef = 024389372A14B9B5009167DE /* InteractionModesView.swift */; };
		0243893A2A14BAE3009167DE /* MapInteractionExampleView.swift in Sources */ = {isa = PBXBuildFile; fileRef = 024389392A14BAE3009167DE /* MapInteractionExampleView.swift */; };
		025A1F282A1225780041A916 /* Business.swift in Sources */ = {isa = PBXBuildFile; fileRef = 025A1F272A1225780041A916 /* Business.swift */; };
		025A1F2A2A122A7D0041A916 /* Action.swift in Sources */ = {isa = PBXBuildFile; fileRef = 025A1F292A122A7D0041A916 /* Action.swift */; };
		029815452A135740005D4FF1 /* MapDirectionsView.swift in Sources */ = {isa = PBXBuildFile; fileRef = 029815442A135740005D4FF1 /* MapDirectionsView.swift */; };
		02A0DB3D2A1345D100505EB7 /* GeofenceView.swift in Sources */ = {isa = PBXBuildFile; fileRef = 02A0DB3C2A1345D100505EB7 /* GeofenceView.swift */; };
		02A0DB422A134B1C00505EB7 /* SwiftUIPolygonGeofence.swift in Sources */ = {isa = PBXBuildFile; fileRef = 02A0DB412A134B1C00505EB7 /* SwiftUIPolygonGeofence.swift */; };
		02A0DB452A134B5900505EB7 /* CLLocationManager.swift in Sources */ = {isa = PBXBuildFile; fileRef = 02A0DB442A134B5900505EB7 /* CLLocationManager.swift */; };
		02A0DB472A134B8400505EB7 /* MKPolygon.swift in Sources */ = {isa = PBXBuildFile; fileRef = 02A0DB462A134B8400505EB7 /* MKPolygon.swift */; };
		02A0DB492A134C0000505EB7 /* HelperDisplayViews.swift in Sources */ = {isa = PBXBuildFile; fileRef = 02A0DB482A134C0000505EB7 /* HelperDisplayViews.swift */; };
		02A0DB4B2A134C2D00505EB7 /* HelperDrawingViews.swift in Sources */ = {isa = PBXBuildFile; fileRef = 02A0DB4A2A134C2D00505EB7 /* HelperDrawingViews.swift */; };
		02B5D7A22A122F3E00FB50E6 /* MapViewModel.swift in Sources */ = {isa = PBXBuildFile; fileRef = 02B5D7A12A122F3E00FB50E6 /* MapViewModel.swift */; };
		02B5D7A42A122F9800FB50E6 /* MapSearchMainView.swift in Sources */ = {isa = PBXBuildFile; fileRef = 02B5D7A32A122F9800FB50E6 /* MapSearchMainView.swift */; };
		02B5D7A62A122FF600FB50E6 /* MapViewTest.swift in Sources */ = {isa = PBXBuildFile; fileRef = 02B5D7A52A122FF600FB50E6 /* MapViewTest.swift */; };
		02B5D7A92A12313F00FB50E6 /* BusinessView.swift in Sources */ = {isa = PBXBuildFile; fileRef = 02B5D7A82A12313F00FB50E6 /* BusinessView.swift */; };
		02B5D7AD2A1237CB00FB50E6 /* MapNaviagtionMainView.swift in Sources */ = {isa = PBXBuildFile; fileRef = 02B5D7AC2A1237CB00FB50E6 /* MapNaviagtionMainView.swift */; };
		02B5D7AF2A1238BB00FB50E6 /* MapContentView.swift in Sources */ = {isa = PBXBuildFile; fileRef = 02B5D7AE2A1238BB00FB50E6 /* MapContentView.swift */; };
		02B5D7B22A12397E00FB50E6 /* Location.swift in Sources */ = {isa = PBXBuildFile; fileRef = 02B5D7B12A12397E00FB50E6 /* Location.swift */; };
		02B5D7B42A1239DD00FB50E6 /* RouteSteps.swift in Sources */ = {isa = PBXBuildFile; fileRef = 02B5D7B32A1239DD00FB50E6 /* RouteSteps.swift */; };
		02B62F082A122023002AF279 /* ExploreMapApp.swift in Sources */ = {isa = PBXBuildFile; fileRef = 02B62F072A122023002AF279 /* ExploreMapApp.swift */; };
		02B62F0A2A122023002AF279 /* ContentViewTest.swift in Sources */ = {isa = PBXBuildFile; fileRef = 02B62F092A122023002AF279 /* ContentViewTest.swift */; };
		02B62F0C2A122025002AF279 /* Assets.xcassets in Resources */ = {isa = PBXBuildFile; fileRef = 02B62F0B2A122025002AF279 /* Assets.xcassets */; };
		02B62F0F2A122025002AF279 /* Preview Assets.xcassets in Resources */ = {isa = PBXBuildFile; fileRef = 02B62F0E2A122025002AF279 /* Preview Assets.xcassets */; };
/* End PBXBuildFile section */

/* Begin PBXFileReference section */
		024389242A148CE5009167DE /* JSONtoMapView.swift */ = {isa = PBXFileReference; lastKnownFileType = sourcecode.swift; path = JSONtoMapView.swift; sourceTree = "<group>"; };
		0243892C2A149082009167DE /* LocationFromJSON.swift */ = {isa = PBXFileReference; lastKnownFileType = sourcecode.swift; path = LocationFromJSON.swift; sourceTree = "<group>"; };
		0243892E2A149D05009167DE /* locations.json */ = {isa = PBXFileReference; fileEncoding = 4; lastKnownFileType = text.json; path = locations.json; sourceTree = "<group>"; };
		024389332A14B451009167DE /* CurrentLocationView.swift */ = {isa = PBXFileReference; lastKnownFileType = sourcecode.swift; path = CurrentLocationView.swift; sourceTree = "<group>"; };
		024389372A14B9B5009167DE /* InteractionModesView.swift */ = {isa = PBXFileReference; lastKnownFileType = sourcecode.swift; path = InteractionModesView.swift; sourceTree = "<group>"; };
		024389392A14BAE3009167DE /* MapInteractionExampleView.swift */ = {isa = PBXFileReference; lastKnownFileType = sourcecode.swift; path = MapInteractionExampleView.swift; sourceTree = "<group>"; };
		025A1F272A1225780041A916 /* Business.swift */ = {isa = PBXFileReference; lastKnownFileType = sourcecode.swift; path = Business.swift; sourceTree = "<group>"; };
		025A1F292A122A7D0041A916 /* Action.swift */ = {isa = PBXFileReference; lastKnownFileType = sourcecode.swift; path = Action.swift; sourceTree = "<group>"; };
		029815402A135330005D4FF1 /* Info.plist */ = {isa = PBXFileReference; lastKnownFileType = text.plist; path = Info.plist; sourceTree = "<group>"; };
		029815442A135740005D4FF1 /* MapDirectionsView.swift */ = {isa = PBXFileReference; lastKnownFileType = sourcecode.swift; path = MapDirectionsView.swift; sourceTree = "<group>"; };
		02A0DB3C2A1345D100505EB7 /* GeofenceView.swift */ = {isa = PBXFileReference; lastKnownFileType = sourcecode.swift; path = GeofenceView.swift; sourceTree = "<group>"; };
		02A0DB412A134B1C00505EB7 /* SwiftUIPolygonGeofence.swift */ = {isa = PBXFileReference; lastKnownFileType = sourcecode.swift; path = SwiftUIPolygonGeofence.swift; sourceTree = "<group>"; };
		02A0DB442A134B5900505EB7 /* CLLocationManager.swift */ = {isa = PBXFileReference; lastKnownFileType = sourcecode.swift; path = CLLocationManager.swift; sourceTree = "<group>"; };
		02A0DB462A134B8400505EB7 /* MKPolygon.swift */ = {isa = PBXFileReference; lastKnownFileType = sourcecode.swift; path = MKPolygon.swift; sourceTree = "<group>"; };
		02A0DB482A134C0000505EB7 /* HelperDisplayViews.swift */ = {isa = PBXFileReference; lastKnownFileType = sourcecode.swift; path = HelperDisplayViews.swift; sourceTree = "<group>"; };
		02A0DB4A2A134C2D00505EB7 /* HelperDrawingViews.swift */ = {isa = PBXFileReference; lastKnownFileType = sourcecode.swift; path = HelperDrawingViews.swift; sourceTree = "<group>"; };
		02B5D7A12A122F3E00FB50E6 /* MapViewModel.swift */ = {isa = PBXFileReference; lastKnownFileType = sourcecode.swift; path = MapViewModel.swift; sourceTree = "<group>"; };
		02B5D7A32A122F9800FB50E6 /* MapSearchMainView.swift */ = {isa = PBXFileReference; lastKnownFileType = sourcecode.swift; path = MapSearchMainView.swift; sourceTree = "<group>"; };
		02B5D7A52A122FF600FB50E6 /* MapViewTest.swift */ = {isa = PBXFileReference; lastKnownFileType = sourcecode.swift; path = MapViewTest.swift; sourceTree = "<group>"; };
		02B5D7A82A12313F00FB50E6 /* BusinessView.swift */ = {isa = PBXFileReference; lastKnownFileType = sourcecode.swift; path = BusinessView.swift; sourceTree = "<group>"; };
		02B5D7AC2A1237CB00FB50E6 /* MapNaviagtionMainView.swift */ = {isa = PBXFileReference; lastKnownFileType = sourcecode.swift; path = MapNaviagtionMainView.swift; sourceTree = "<group>"; };
		02B5D7AE2A1238BB00FB50E6 /* MapContentView.swift */ = {isa = PBXFileReference; lastKnownFileType = sourcecode.swift; path = MapContentView.swift; sourceTree = "<group>"; };
		02B5D7B12A12397E00FB50E6 /* Location.swift */ = {isa = PBXFileReference; lastKnownFileType = sourcecode.swift; path = Location.swift; sourceTree = "<group>"; };
		02B5D7B32A1239DD00FB50E6 /* RouteSteps.swift */ = {isa = PBXFileReference; lastKnownFileType = sourcecode.swift; path = RouteSteps.swift; sourceTree = "<group>"; };
		02B62F042A122023002AF279 /* ExploreMap.app */ = {isa = PBXFileReference; explicitFileType = wrapper.application; includeInIndex = 0; path = ExploreMap.app; sourceTree = BUILT_PRODUCTS_DIR; };
		02B62F072A122023002AF279 /* ExploreMapApp.swift */ = {isa = PBXFileReference; lastKnownFileType = sourcecode.swift; path = ExploreMapApp.swift; sourceTree = "<group>"; };
		02B62F092A122023002AF279 /* ContentViewTest.swift */ = {isa = PBXFileReference; lastKnownFileType = sourcecode.swift; path = ContentViewTest.swift; sourceTree = "<group>"; };
		02B62F0B2A122025002AF279 /* Assets.xcassets */ = {isa = PBXFileReference; lastKnownFileType = folder.assetcatalog; path = Assets.xcassets; sourceTree = "<group>"; };
		02B62F0E2A122025002AF279 /* Preview Assets.xcassets */ = {isa = PBXFileReference; lastKnownFileType = folder.assetcatalog; path = "Preview Assets.xcassets"; sourceTree = "<group>"; };
/* End PBXFileReference section */

/* Begin PBXFrameworksBuildPhase section */
		02B62F012A122023002AF279 /* Frameworks */ = {
			isa = PBXFrameworksBuildPhase;
			buildActionMask = 2147483647;
			files = (
			);
			runOnlyForDeploymentPostprocessing = 0;
		};
/* End PBXFrameworksBuildPhase section */

/* Begin PBXGroup section */
		024389222A148CB3009167DE /* JSONtoMap */ = {
			isa = PBXGroup;
			children = (
				024389272A148F95009167DE /* Model */,
				024389232A148CD2009167DE /* Views */,
			);
			path = JSONtoMap;
			sourceTree = "<group>";
		};
		024389232A148CD2009167DE /* Views */ = {
			isa = PBXGroup;
			children = (
				0243892E2A149D05009167DE /* locations.json */,
				024389242A148CE5009167DE /* JSONtoMapView.swift */,
			);
			path = Views;
			sourceTree = "<group>";
		};
		024389272A148F95009167DE /* Model */ = {
			isa = PBXGroup;
			children = (
				0243892C2A149082009167DE /* LocationFromJSON.swift */,
			);
			path = Model;
			sourceTree = "<group>";
		};
		024389302A14B420009167DE /* CurrentLocation */ = {
			isa = PBXGroup;
			children = (
				024389322A14B43A009167DE /* Views */,
			);
			path = CurrentLocation;
			sourceTree = "<group>";
		};
		024389322A14B43A009167DE /* Views */ = {
			isa = PBXGroup;
			children = (
				024389332A14B451009167DE /* CurrentLocationView.swift */,
			);
			path = Views;
			sourceTree = "<group>";
		};
		024389352A14B95C009167DE /* InteractionModes */ = {
			isa = PBXGroup;
			children = (
				024389362A14B971009167DE /* Views */,
			);
			path = InteractionModes;
			sourceTree = "<group>";
		};
		024389362A14B971009167DE /* Views */ = {
			isa = PBXGroup;
			children = (
				024389372A14B9B5009167DE /* InteractionModesView.swift */,
				024389392A14BAE3009167DE /* MapInteractionExampleView.swift */,
			);
			path = Views;
			sourceTree = "<group>";
		};
		025A1F252A1225060041A916 /* MapSearch */ = {
			isa = PBXGroup;
			children = (
				02B5D7A02A122F2000FB50E6 /* ViewModel */,
				02B5D7A72A1230B100FB50E6 /* Views */,
				025A1F262A12255E0041A916 /* Models */,
			);
			path = MapSearch;
			sourceTree = "<group>";
		};
		025A1F262A12255E0041A916 /* Models */ = {
			isa = PBXGroup;
			children = (
				025A1F272A1225780041A916 /* Business.swift */,
				025A1F292A122A7D0041A916 /* Action.swift */,
			);
			path = Models;
			sourceTree = "<group>";
		};
		029815422A13571F005D4FF1 /* MapDirections */ = {
			isa = PBXGroup;
			children = (
				029815432A13572E005D4FF1 /* Views */,
			);
			path = MapDirections;
			sourceTree = "<group>";
		};
		029815432A13572E005D4FF1 /* Views */ = {
			isa = PBXGroup;
			children = (
				029815442A135740005D4FF1 /* MapDirectionsView.swift */,
			);
			path = Views;
			sourceTree = "<group>";
		};
		02A0DB3A2A1345A100505EB7 /* Geofence */ = {
			isa = PBXGroup;
			children = (
				02A0DB432A134B3F00505EB7 /* Extensions */,
				02A0DB3B2A1345B400505EB7 /* Views */,
			);
			path = Geofence;
			sourceTree = "<group>";
		};
		02A0DB3B2A1345B400505EB7 /* Views */ = {
			isa = PBXGroup;
			children = (
				02A0DB3C2A1345D100505EB7 /* GeofenceView.swift */,
				02A0DB412A134B1C00505EB7 /* SwiftUIPolygonGeofence.swift */,
				02A0DB482A134C0000505EB7 /* HelperDisplayViews.swift */,
				02A0DB4A2A134C2D00505EB7 /* HelperDrawingViews.swift */,
			);
			path = Views;
			sourceTree = "<group>";
		};
		02A0DB432A134B3F00505EB7 /* Extensions */ = {
			isa = PBXGroup;
			children = (
				02A0DB442A134B5900505EB7 /* CLLocationManager.swift */,
				02A0DB462A134B8400505EB7 /* MKPolygon.swift */,
			);
			path = Extensions;
			sourceTree = "<group>";
		};
		02B5D7A02A122F2000FB50E6 /* ViewModel */ = {
			isa = PBXGroup;
			children = (
				02B5D7A12A122F3E00FB50E6 /* MapViewModel.swift */,
			);
			path = ViewModel;
			sourceTree = "<group>";
		};
		02B5D7A72A1230B100FB50E6 /* Views */ = {
			isa = PBXGroup;
			children = (
				02B5D7A32A122F9800FB50E6 /* MapSearchMainView.swift */,
				02B5D7A52A122FF600FB50E6 /* MapViewTest.swift */,
				02B5D7A82A12313F00FB50E6 /* BusinessView.swift */,
			);
			path = Views;
			sourceTree = "<group>";
		};
		02B5D7AA2A1237A100FB50E6 /* MapNaviagtion */ = {
			isa = PBXGroup;
			children = (
				02B5D7B02A12396D00FB50E6 /* Model */,
				02B5D7AB2A1237B500FB50E6 /* Views */,
			);
			path = MapNaviagtion;
			sourceTree = "<group>";
		};
		02B5D7AB2A1237B500FB50E6 /* Views */ = {
			isa = PBXGroup;
			children = (
				02B5D7AC2A1237CB00FB50E6 /* MapNaviagtionMainView.swift */,
				02B5D7AE2A1238BB00FB50E6 /* MapContentView.swift */,
			);
			path = Views;
			sourceTree = "<group>";
		};
		02B5D7B02A12396D00FB50E6 /* Model */ = {
			isa = PBXGroup;
			children = (
				02B5D7B12A12397E00FB50E6 /* Location.swift */,
				02B5D7B32A1239DD00FB50E6 /* RouteSteps.swift */,
			);
			path = Model;
			sourceTree = "<group>";
		};
		02B62EFB2A122022002AF279 = {
			isa = PBXGroup;
			children = (
				02B62F062A122023002AF279 /* ExploreMap */,
				02B62F052A122023002AF279 /* Products */,
			);
			sourceTree = "<group>";
		};
		02B62F052A122023002AF279 /* Products */ = {
			isa = PBXGroup;
			children = (
				02B62F042A122023002AF279 /* ExploreMap.app */,
			);
			name = Products;
			sourceTree = "<group>";
		};
		02B62F062A122023002AF279 /* ExploreMap */ = {
			isa = PBXGroup;
			children = (
				024389352A14B95C009167DE /* InteractionModes */,
				024389302A14B420009167DE /* CurrentLocation */,
				024389222A148CB3009167DE /* JSONtoMap */,
				029815422A13571F005D4FF1 /* MapDirections */,
				029815402A135330005D4FF1 /* Info.plist */,
				02A0DB3A2A1345A100505EB7 /* Geofence */,
				02B5D7AA2A1237A100FB50E6 /* MapNaviagtion */,
				025A1F252A1225060041A916 /* MapSearch */,
				02B62F072A122023002AF279 /* ExploreMapApp.swift */,
				02B62F092A122023002AF279 /* ContentViewTest.swift */,
				02B62F0B2A122025002AF279 /* Assets.xcassets */,
				02B62F0D2A122025002AF279 /* Preview Content */,
			);
			path = ExploreMap;
			sourceTree = "<group>";
		};
		02B62F0D2A122025002AF279 /* Preview Content */ = {
			isa = PBXGroup;
			children = (
				02B62F0E2A122025002AF279 /* Preview Assets.xcassets */,
			);
			path = "Preview Content";
			sourceTree = "<group>";
		};
/* End PBXGroup section */

/* Begin PBXNativeTarget section */
		02B62F032A122023002AF279 /* ExploreMap */ = {
			isa = PBXNativeTarget;
			buildConfigurationList = 02B62F122A122025002AF279 /* Build configuration list for PBXNativeTarget "ExploreMap" */;
			buildPhases = (
				02B62F002A122023002AF279 /* Sources */,
				02B62F012A122023002AF279 /* Frameworks */,
				02B62F022A122023002AF279 /* Resources */,
			);
			buildRules = (
			);
			dependencies = (
			);
			name = ExploreMap;
			packageProductDependencies = (
			);
			productName = ExploreMap;
			productReference = 02B62F042A122023002AF279 /* ExploreMap.app */;
			productType = "com.apple.product-type.application";
		};
/* End PBXNativeTarget section */

/* Begin PBXProject section */
		02B62EFC2A122022002AF279 /* Project object */ = {
			isa = PBXProject;
			attributes = {
				BuildIndependentTargetsInParallel = 1;
				LastSwiftUpdateCheck = 1320;
				LastUpgradeCheck = 1320;
				TargetAttributes = {
					02B62F032A122023002AF279 = {
						CreatedOnToolsVersion = 13.2.1;
					};
				};
			};
			buildConfigurationList = 02B62EFF2A122022002AF279 /* Build configuration list for PBXProject "ExploreMap" */;
			compatibilityVersion = "Xcode 13.0";
			developmentRegion = en;
			hasScannedForEncodings = 0;
			knownRegions = (
				en,
				Base,
			);
			mainGroup = 02B62EFB2A122022002AF279;
			packageReferences = (
			);
			productRefGroup = 02B62F052A122023002AF279 /* Products */;
			projectDirPath = "";
			projectRoot = "";
			targets = (
				02B62F032A122023002AF279 /* ExploreMap */,
			);
		};
/* End PBXProject section */

/* Begin PBXResourcesBuildPhase section */
		02B62F022A122023002AF279 /* Resources */ = {
			isa = PBXResourcesBuildPhase;
			buildActionMask = 2147483647;
			files = (
				02B62F0F2A122025002AF279 /* Preview Assets.xcassets in Resources */,
				0243892F2A149D05009167DE /* locations.json in Resources */,
				02B62F0C2A122025002AF279 /* Assets.xcassets in Resources */,
			);
			runOnlyForDeploymentPostprocessing = 0;
		};
/* End PBXResourcesBuildPhase section */

/* Begin PBXSourcesBuildPhase section */
		02B62F002A122023002AF279 /* Sources */ = {
			isa = PBXSourcesBuildPhase;
			buildActionMask = 2147483647;
			files = (
				02B5D7A62A122FF600FB50E6 /* MapViewTest.swift in Sources */,
				02B5D7B22A12397E00FB50E6 /* Location.swift in Sources */,
				02A0DB3D2A1345D100505EB7 /* GeofenceView.swift in Sources */,
				02A0DB492A134C0000505EB7 /* HelperDisplayViews.swift in Sources */,
				025A1F282A1225780041A916 /* Business.swift in Sources */,
				024389382A14B9B5009167DE /* InteractionModesView.swift in Sources */,
				02A0DB4B2A134C2D00505EB7 /* HelperDrawingViews.swift in Sources */,
				0243893A2A14BAE3009167DE /* MapInteractionExampleView.swift in Sources */,
				02B5D7A22A122F3E00FB50E6 /* MapViewModel.swift in Sources */,
				02B5D7AD2A1237CB00FB50E6 /* MapNaviagtionMainView.swift in Sources */,
				02B5D7A42A122F9800FB50E6 /* MapSearchMainView.swift in Sources */,
				02B5D7AF2A1238BB00FB50E6 /* MapContentView.swift in Sources */,
				02B5D7A92A12313F00FB50E6 /* BusinessView.swift in Sources */,
				025A1F2A2A122A7D0041A916 /* Action.swift in Sources */,
				024389252A148CE5009167DE /* JSONtoMapView.swift in Sources */,
				02A0DB472A134B8400505EB7 /* MKPolygon.swift in Sources */,
				029815452A135740005D4FF1 /* MapDirectionsView.swift in Sources */,
				02A0DB422A134B1C00505EB7 /* SwiftUIPolygonGeofence.swift in Sources */,
				02A0DB452A134B5900505EB7 /* CLLocationManager.swift in Sources */,
				024389342A14B451009167DE /* CurrentLocationView.swift in Sources */,
				02B5D7B42A1239DD00FB50E6 /* RouteSteps.swift in Sources */,
				02B62F0A2A122023002AF279 /* ContentViewTest.swift in Sources */,
				0243892D2A149082009167DE /* LocationFromJSON.swift in Sources */,
				02B62F082A122023002AF279 /* ExploreMapApp.swift in Sources */,
			);
			runOnlyForDeploymentPostprocessing = 0;
		};
/* End PBXSourcesBuildPhase section */

/* Begin XCBuildConfiguration section */
		02B62F102A122025002AF279 /* Debug */ = {
			isa = XCBuildConfiguration;
			buildSettings = {
				ALWAYS_SEARCH_USER_PATHS = NO;
				CLANG_ANALYZER_NONNULL = YES;
				CLANG_ANALYZER_NUMBER_OBJECT_CONVERSION = YES_AGGRESSIVE;
				CLANG_CXX_LANGUAGE_STANDARD = "gnu++17";
				CLANG_CXX_LIBRARY = "libc++";
				CLANG_ENABLE_MODULES = YES;
				CLANG_ENABLE_OBJC_ARC = YES;
				CLANG_ENABLE_OBJC_WEAK = YES;
				CLANG_WARN_BLOCK_CAPTURE_AUTORELEASING = YES;
				CLANG_WARN_BOOL_CONVERSION = YES;
				CLANG_WARN_COMMA = YES;
				CLANG_WARN_CONSTANT_CONVERSION = YES;
				CLANG_WARN_DEPRECATED_OBJC_IMPLEMENTATIONS = YES;
				CLANG_WARN_DIRECT_OBJC_ISA_USAGE = YES_ERROR;
				CLANG_WARN_DOCUMENTATION_COMMENTS = YES;
				CLANG_WARN_EMPTY_BODY = YES;
				CLANG_WARN_ENUM_CONVERSION = YES;
				CLANG_WARN_INFINITE_RECURSION = YES;
				CLANG_WARN_INT_CONVERSION = YES;
				CLANG_WARN_NON_LITERAL_NULL_CONVERSION = YES;
				CLANG_WARN_OBJC_IMPLICIT_RETAIN_SELF = YES;
				CLANG_WARN_OBJC_LITERAL_CONVERSION = YES;
				CLANG_WARN_OBJC_ROOT_CLASS = YES_ERROR;
				CLANG_WARN_QUOTED_INCLUDE_IN_FRAMEWORK_HEADER = YES;
				CLANG_WARN_RANGE_LOOP_ANALYSIS = YES;
				CLANG_WARN_STRICT_PROTOTYPES = YES;
				CLANG_WARN_SUSPICIOUS_MOVE = YES;
				CLANG_WARN_UNGUARDED_AVAILABILITY = YES_AGGRESSIVE;
				CLANG_WARN_UNREACHABLE_CODE = YES;
				CLANG_WARN__DUPLICATE_METHOD_MATCH = YES;
				COPY_PHASE_STRIP = NO;
				DEBUG_INFORMATION_FORMAT = dwarf;
				ENABLE_STRICT_OBJC_MSGSEND = YES;
				ENABLE_TESTABILITY = YES;
				GCC_C_LANGUAGE_STANDARD = gnu11;
				GCC_DYNAMIC_NO_PIC = NO;
				GCC_NO_COMMON_BLOCKS = YES;
				GCC_OPTIMIZATION_LEVEL = 0;
				GCC_PREPROCESSOR_DEFINITIONS = (
					"DEBUG=1",
					"$(inherited)",
				);
				GCC_WARN_64_TO_32_BIT_CONVERSION = YES;
				GCC_WARN_ABOUT_RETURN_TYPE = YES_ERROR;
				GCC_WARN_UNDECLARED_SELECTOR = YES;
				GCC_WARN_UNINITIALIZED_AUTOS = YES_AGGRESSIVE;
				GCC_WARN_UNUSED_FUNCTION = YES;
				GCC_WARN_UNUSED_VARIABLE = YES;
				IPHONEOS_DEPLOYMENT_TARGET = 15.2;
				MTL_ENABLE_DEBUG_INFO = INCLUDE_SOURCE;
				MTL_FAST_MATH = YES;
				ONLY_ACTIVE_ARCH = YES;
				SDKROOT = iphoneos;
				SWIFT_ACTIVE_COMPILATION_CONDITIONS = DEBUG;
				SWIFT_OPTIMIZATION_LEVEL = "-Onone";
			};
			name = Debug;
		};
		02B62F112A122025002AF279 /* Release */ = {
			isa = XCBuildConfiguration;
			buildSettings = {
				ALWAYS_SEARCH_USER_PATHS = NO;
				CLANG_ANALYZER_NONNULL = YES;
				CLANG_ANALYZER_NUMBER_OBJECT_CONVERSION = YES_AGGRESSIVE;
				CLANG_CXX_LANGUAGE_STANDARD = "gnu++17";
				CLANG_CXX_LIBRARY = "libc++";
				CLANG_ENABLE_MODULES = YES;
				CLANG_ENABLE_OBJC_ARC = YES;
				CLANG_ENABLE_OBJC_WEAK = YES;
				CLANG_WARN_BLOCK_CAPTURE_AUTORELEASING = YES;
				CLANG_WARN_BOOL_CONVERSION = YES;
				CLANG_WARN_COMMA = YES;
				CLANG_WARN_CONSTANT_CONVERSION = YES;
				CLANG_WARN_DEPRECATED_OBJC_IMPLEMENTATIONS = YES;
				CLANG_WARN_DIRECT_OBJC_ISA_USAGE = YES_ERROR;
				CLANG_WARN_DOCUMENTATION_COMMENTS = YES;
				CLANG_WARN_EMPTY_BODY = YES;
				CLANG_WARN_ENUM_CONVERSION = YES;
				CLANG_WARN_INFINITE_RECURSION = YES;
				CLANG_WARN_INT_CONVERSION = YES;
				CLANG_WARN_NON_LITERAL_NULL_CONVERSION = YES;
				CLANG_WARN_OBJC_IMPLICIT_RETAIN_SELF = YES;
				CLANG_WARN_OBJC_LITERAL_CONVERSION = YES;
				CLANG_WARN_OBJC_ROOT_CLASS = YES_ERROR;
				CLANG_WARN_QUOTED_INCLUDE_IN_FRAMEWORK_HEADER = YES;
				CLANG_WARN_RANGE_LOOP_ANALYSIS = YES;
				CLANG_WARN_STRICT_PROTOTYPES = YES;
				CLANG_WARN_SUSPICIOUS_MOVE = YES;
				CLANG_WARN_UNGUARDED_AVAILABILITY = YES_AGGRESSIVE;
				CLANG_WARN_UNREACHABLE_CODE = YES;
				CLANG_WARN__DUPLICATE_METHOD_MATCH = YES;
				COPY_PHASE_STRIP = NO;
				DEBUG_INFORMATION_FORMAT = "dwarf-with-dsym";
				ENABLE_NS_ASSERTIONS = NO;
				ENABLE_STRICT_OBJC_MSGSEND = YES;
				GCC_C_LANGUAGE_STANDARD = gnu11;
				GCC_NO_COMMON_BLOCKS = YES;
				GCC_WARN_64_TO_32_BIT_CONVERSION = YES;
				GCC_WARN_ABOUT_RETURN_TYPE = YES_ERROR;
				GCC_WARN_UNDECLARED_SELECTOR = YES;
				GCC_WARN_UNINITIALIZED_AUTOS = YES_AGGRESSIVE;
				GCC_WARN_UNUSED_FUNCTION = YES;
				GCC_WARN_UNUSED_VARIABLE = YES;
				IPHONEOS_DEPLOYMENT_TARGET = 15.2;
				MTL_ENABLE_DEBUG_INFO = NO;
				MTL_FAST_MATH = YES;
				SDKROOT = iphoneos;
				SWIFT_COMPILATION_MODE = wholemodule;
				SWIFT_OPTIMIZATION_LEVEL = "-O";
				VALIDATE_PRODUCT = YES;
			};
			name = Release;
		};
		02B62F132A122025002AF279 /* Debug */ = {
			isa = XCBuildConfiguration;
			buildSettings = {
				ASSETCATALOG_COMPILER_APPICON_NAME = AppIcon;
				ASSETCATALOG_COMPILER_GLOBAL_ACCENT_COLOR_NAME = AccentColor;
				CODE_SIGN_STYLE = Automatic;
				CURRENT_PROJECT_VERSION = 1;
				DEVELOPMENT_ASSET_PATHS = "\"ExploreMap/Preview Content\"";
				DEVELOPMENT_TEAM = TSTX33252G;
				ENABLE_PREVIEWS = YES;
				GENERATE_INFOPLIST_FILE = YES;
				INFOPLIST_FILE = ExploreMap/Info.plist;
				INFOPLIST_KEY_NSLocationAlwaysUsageDescription = "$(MARKETING_VERSION)";
				INFOPLIST_KEY_UIApplicationSceneManifest_Generation = YES;
				INFOPLIST_KEY_UIApplicationSupportsIndirectInputEvents = YES;
				INFOPLIST_KEY_UILaunchScreen_Generation = YES;
				INFOPLIST_KEY_UISupportedInterfaceOrientations_iPad = "UIInterfaceOrientationPortrait UIInterfaceOrientationPortraitUpsideDown UIInterfaceOrientationLandscapeLeft UIInterfaceOrientationLandscapeRight";
				INFOPLIST_KEY_UISupportedInterfaceOrientations_iPhone = "UIInterfaceOrientationPortrait UIInterfaceOrientationLandscapeLeft UIInterfaceOrientationLandscapeRight";
				LD_RUNPATH_SEARCH_PATHS = (
					"$(inherited)",
					"@executable_path/Frameworks",
				);
				MARKETING_VERSION = 1.0;
				PRODUCT_BUNDLE_IDENTIFIER = sajid.shanta.ExploreMap;
				PRODUCT_NAME = "$(TARGET_NAME)";
				SWIFT_EMIT_LOC_STRINGS = YES;
				SWIFT_VERSION = 5.0;
				TARGETED_DEVICE_FAMILY = "1,2";
			};
			name = Debug;
		};
		02B62F142A122025002AF279 /* Release */ = {
			isa = XCBuildConfiguration;
			buildSettings = {
				ASSETCATALOG_COMPILER_APPICON_NAME = AppIcon;
				ASSETCATALOG_COMPILER_GLOBAL_ACCENT_COLOR_NAME = AccentColor;
				CODE_SIGN_STYLE = Automatic;
				CURRENT_PROJECT_VERSION = 1;
				DEVELOPMENT_ASSET_PATHS = "\"ExploreMap/Preview Content\"";
				DEVELOPMENT_TEAM = TSTX33252G;
				ENABLE_PREVIEWS = YES;
				GENERATE_INFOPLIST_FILE = YES;
				INFOPLIST_FILE = ExploreMap/Info.plist;
				INFOPLIST_KEY_NSLocationAlwaysUsageDescription = "$(MARKETING_VERSION)";
				INFOPLIST_KEY_UIApplicationSceneManifest_Generation = YES;
				INFOPLIST_KEY_UIApplicationSupportsIndirectInputEvents = YES;
				INFOPLIST_KEY_UILaunchScreen_Generation = YES;
				INFOPLIST_KEY_UISupportedInterfaceOrientations_iPad = "UIInterfaceOrientationPortrait UIInterfaceOrientationPortraitUpsideDown UIInterfaceOrientationLandscapeLeft UIInterfaceOrientationLandscapeRight";
				INFOPLIST_KEY_UISupportedInterfaceOrientations_iPhone = "UIInterfaceOrientationPortrait UIInterfaceOrientationLandscapeLeft UIInterfaceOrientationLandscapeRight";
				LD_RUNPATH_SEARCH_PATHS = (
					"$(inherited)",
					"@executable_path/Frameworks",
				);
				MARKETING_VERSION = 1.0;
				PRODUCT_BUNDLE_IDENTIFIER = sajid.shanta.ExploreMap;
				PRODUCT_NAME = "$(TARGET_NAME)";
				SWIFT_EMIT_LOC_STRINGS = YES;
				SWIFT_VERSION = 5.0;
				TARGETED_DEVICE_FAMILY = "1,2";
			};
			name = Release;
		};
/* End XCBuildConfiguration section */

/* Begin XCConfigurationList section */
		02B62EFF2A122022002AF279 /* Build configuration list for PBXProject "ExploreMap" */ = {
			isa = XCConfigurationList;
			buildConfigurations = (
				02B62F102A122025002AF279 /* Debug */,
				02B62F112A122025002AF279 /* Release */,
			);
			defaultConfigurationIsVisible = 0;
			defaultConfigurationName = Release;
		};
		02B62F122A122025002AF279 /* Build configuration list for PBXNativeTarget "ExploreMap" */ = {
			isa = XCConfigurationList;
			buildConfigurations = (
				02B62F132A122025002AF279 /* Debug */,
				02B62F142A122025002AF279 /* Release */,
			);
			defaultConfigurationIsVisible = 0;
			defaultConfigurationName = Release;
		};
/* End XCConfigurationList section */
	};
	rootObject = 02B62EFC2A122022002AF279 /* Project object */;
}
